
Microsoft Visual Studio Solution File, Format Version 12.00
# Visual Studio Version 17
VisualStudioVersion = 17.13.35825.156
MinimumVisualStudioVersion = 10.0.40219.1
Project("{FAE04EC0-301F-11D3-BF4B-00C04F79EFBC}") = "observer", "observer\observer.csproj", "{1465AF16-FBAF-45B0-A3C6-9394700FD612}"
EndProject
Project("{FAE04EC0-301F-11D3-BF4B-00C04F79EFBC}") = "strategy", "strategy\strategy.csproj", "{D3BAA0AA-3A8C-4CE5-B9DD-06075C587EF3}"
EndProject
Project("{FAE04EC0-301F-11D3-BF4B-00C04F79EFBC}") = "template", "template\template.csproj", "{CF02A98F-1FD8-43C1-85B0-DE902313BB6F}"
EndProject
Global
	GlobalSection(SolutionConfigurationPlatforms) = preSolution
		Debug|Any CPU = Debug|Any CPU
		Release|Any CPU = Release|Any CPU
	EndGlobalSection
	GlobalSection(ProjectConfigurationPlatforms) = postSolution
		{1465AF16-FBAF-45B0-A3C6-9394700FD612}.Debug|Any CPU.ActiveCfg = Debug|Any CPU
		{1465AF16-FBAF-45B0-A3C6-9394700FD612}.Debug|Any CPU.Build.0 = Debug|Any CPU
		{1465AF16-FBAF-45B0-A3C6-9394700FD612}.Release|Any CPU.ActiveCfg = Release|Any CPU
		{1465AF16-FBAF-45B0-A3C6-9394700FD612}.Release|Any CPU.Build.0 = Release|Any CPU
		{D3BAA0AA-3A8C-4CE5-B9DD-06075C587EF3}.Debug|Any CPU.ActiveCfg = Debug|Any CPU
		{D3BAA0AA-3A8C-4CE5-B9DD-06075C587EF3}.Debug|Any CPU.Build.0 = Debug|Any CPU
		{D3BAA0AA-3A8C-4CE5-B9DD-06075C587EF3}.Release|Any CPU.ActiveCfg = Release|Any CPU
		{D3BAA0AA-3A8C-4CE5-B9DD-06075C587EF3}.Release|Any CPU.Build.0 = Release|Any CPU
		{CF02A98F-1FD8-43C1-85B0-DE902313BB6F}.Debug|Any CPU.ActiveCfg = Debug|Any CPU
		{CF02A98F-1FD8-43C1-85B0-DE902313BB6F}.Debug|Any CPU.Build.0 = Debug|Any CPU
		{CF02A98F-1FD8-43C1-85B0-DE902313BB6F}.Release|Any CPU.ActiveCfg = Release|Any CPU
		{CF02A98F-1FD8-43C1-85B0-DE902313BB6F}.Release|Any CPU.Build.0 = Release|Any CPU
	EndGlobalSection
	GlobalSection(SolutionProperties) = preSolution
		HideSolutionNode = FALSE
	EndGlobalSection
	GlobalSection(ExtensibilityGlobals) = postSolution
		SolutionGuid = {79B2A23F-1AAD-402A-8F8E-7952720612DE}
	EndGlobalSection
EndGlobal
