
Microsoft Visual Studio Solution File, Format Version 12.00
# Visual Studio Version 17
VisualStudioVersion = 17.13.35825.156
MinimumVisualStudioVersion = 10.0.40219.1
Project("{FAE04EC0-301F-11D3-BF4B-00C04F79EFBC}") = "observer", "observer\observer.csproj", "{1465AF16-FBAF-45B0-A3C6-9394700FD612}"
EndProject
Project("{FAE04EC0-301F-11D3-BF4B-00C04F79EFBC}") = "strategy", "strategy\strategy.csproj", "{D3BAA0AA-3A8C-4CE5-B9DD-06075C587EF3}"
EndProject
Project("{FAE04EC0-301F-11D3-BF4B-00C04F79EFBC}") = "template", "template\template.csproj", "{CF02A98F-1FD8-43C1-85B0-DE902313BB6F}"
EndProject
Project("{FAE04EC0-301F-11D3-BF4B-00C04F79EFBC}") = "memento", "memento\memento.csproj", "{3151FC55-102C-4C4D-8F83-3BE3F6EBE85D}"
EndProject
Project("{FAE04EC0-301F-11D3-BF4B-00C04F79EFBC}") = "visitor", "visitor\visitor.csproj", "{C5B7586D-7C0E-4882-9815-4C3D38B8E5B3}"
EndProject
Project("{FAE04EC0-301F-11D3-BF4B-00C04F79EFBC}") = "iterator", "iterator\iterator.csproj", "{98349501-0593-4617-8C08-60B9380232C1}"
EndProject
Global
	GlobalSection(SolutionConfigurationPlatforms) = preSolution
		Debug|Any CPU = Debug|Any CPU
		Release|Any CPU = Release|Any CPU
	EndGlobalSection
	GlobalSection(ProjectConfigurationPlatforms) = postSolution
		{1465AF16-FBAF-45B0-A3C6-9394700FD612}.Debug|Any CPU.ActiveCfg = Debug|Any CPU
		{1465AF16-FBAF-45B0-A3C6-9394700FD612}.Debug|Any CPU.Build.0 = Debug|Any CPU
		{1465AF16-FBAF-45B0-A3C6-9394700FD612}.Release|Any CPU.ActiveCfg = Release|Any CPU
		{1465AF16-FBAF-45B0-A3C6-9394700FD612}.Release|Any CPU.Build.0 = Release|Any CPU
		{D3BAA0AA-3A8C-4CE5-B9DD-06075C587EF3}.Debug|Any CPU.ActiveCfg = Debug|Any CPU
		{D3BAA0AA-3A8C-4CE5-B9DD-06075C587EF3}.Debug|Any CPU.Build.0 = Debug|Any CPU
		{D3BAA0AA-3A8C-4CE5-B9DD-06075C587EF3}.Release|Any CPU.ActiveCfg = Release|Any CPU
		{D3BAA0AA-3A8C-4CE5-B9DD-06075C587EF3}.Release|Any CPU.Build.0 = Release|Any CPU
		{CF02A98F-1FD8-43C1-85B0-DE902313BB6F}.Debug|Any CPU.ActiveCfg = Debug|Any CPU
		{CF02A98F-1FD8-43C1-85B0-DE902313BB6F}.Debug|Any CPU.Build.0 = Debug|Any CPU
		{CF02A98F-1FD8-43C1-85B0-DE902313BB6F}.Release|Any CPU.ActiveCfg = Release|Any CPU
		{CF02A98F-1FD8-43C1-85B0-DE902313BB6F}.Release|Any CPU.Build.0 = Release|Any CPU
		{3151FC55-102C-4C4D-8F83-3BE3F6EBE85D}.Debug|Any CPU.ActiveCfg = Debug|Any CPU
		{3151FC55-102C-4C4D-8F83-3BE3F6EBE85D}.Debug|Any CPU.Build.0 = Debug|Any CPU
		{3151FC55-102C-4C4D-8F83-3BE3F6EBE85D}.Release|Any CPU.ActiveCfg = Release|Any CPU
		{3151FC55-102C-4C4D-8F83-3BE3F6EBE85D}.Release|Any CPU.Build.0 = Release|Any CPU
		{C5B7586D-7C0E-4882-9815-4C3D38B8E5B3}.Debug|Any CPU.ActiveCfg = Debug|Any CPU
		{C5B7586D-7C0E-4882-9815-4C3D38B8E5B3}.Debug|Any CPU.Build.0 = Debug|Any CPU
		{C5B7586D-7C0E-4882-9815-4C3D38B8E5B3}.Release|Any CPU.ActiveCfg = Release|Any CPU
		{C5B7586D-7C0E-4882-9815-4C3D38B8E5B3}.Release|Any CPU.Build.0 = Release|Any CPU
		{98349501-0593-4617-8C08-60B9380232C1}.Debug|Any CPU.ActiveCfg = Debug|Any CPU
		{98349501-0593-4617-8C08-60B9380232C1}.Debug|Any CPU.Build.0 = Debug|Any CPU
		{98349501-0593-4617-8C08-60B9380232C1}.Release|Any CPU.ActiveCfg = Release|Any CPU
		{98349501-0593-4617-8C08-60B9380232C1}.Release|Any CPU.Build.0 = Release|Any CPU
	EndGlobalSection
	GlobalSection(SolutionProperties) = preSolution
		HideSolutionNode = FALSE
	EndGlobalSection
	GlobalSection(ExtensibilityGlobals) = postSolution
		SolutionGuid = {79B2A23F-1AAD-402A-8F8E-7952720612DE}
	EndGlobalSection
EndGlobal
